// !$*UTF8*$!
{
	archiveVersion = 1;
	classes = {
	};
	objectVersion = 77;
	objects = {

/* Begin PBXBuildFile section */
		0BC0AD6E62637EBD3D56C538 /* DailyVerseCache.swift in Sources */ = {isa = PBXBuildFile; fileRef = 529A6C69B9D04D4999458511 /* DailyVerseCache.swift */; };
		0BD5F868B38038EB84B4DBA1 /* SeekApp.swift in Sources */ = {isa = PBXBuildFile; fileRef = D2D0A7482B49100DFAE1CD8E /* SeekApp.swift */; };
		15E4A8DA35FD6665689F0982 /* LibraryView.swift in Sources */ = {isa = PBXBuildFile; fileRef = D96E020A355A91F2A3F06E5A /* LibraryView.swift */; };
		1731D56A7ECF9F8D67F036E0 /* BibleTranslation.swift in Sources */ = {isa = PBXBuildFile; fileRef = 3B791B857162E203CDE7CB1A /* BibleTranslation.swift */; };
		1BC35B99EA607DC9ECED5A0C /* LaunchScreen.storyboard in Resources */ = {isa = PBXBuildFile; fileRef = 1323B3E69FD0B3F582727ADA /* LaunchScreen.storyboard */; };
		30FE45F422E25E888A5C473B /* WebContentView.swift in Sources */ = {isa = PBXBuildFile; fileRef = 675EF979B9F03611C1BA0A7E /* WebContentView.swift */; };
		32B23A70411A456E5E618634 /* SubscriptionManagementView.swift in Sources */ = {isa = PBXBuildFile; fileRef = 30EB2963A0C15BE4EC87A90C /* SubscriptionManagementView.swift */; };
		420115F8CA1F04537744619D /* Assets.xcassets in Resources */ = {isa = PBXBuildFile; fileRef = D7415D95463F6BC217019DA7 /* Assets.xcassets */; };
		512EAED3490139C9F9FCAE97 /* SavedPrayer.swift in Sources */ = {isa = PBXBuildFile; fileRef = 94BAD92E98E45FF5ACB66B8F /* SavedPrayer.swift */; };
		53D8CFAF9B454433ECF60C1E /* AuthManager.swift in Sources */ = {isa = PBXBuildFile; fileRef = 937F10171702BCE24D38D097 /* AuthManager.swift */; };
		56BC1DEE5946F543B5EEBA9D /* ChatListView.swift in Sources */ = {isa = PBXBuildFile; fileRef = CB7F0DA063E156B3D0810140 /* ChatListView.swift */; };
		68DBE21F79D3DCC994F77262 /* LoadingView.swift in Sources */ = {isa = PBXBuildFile; fileRef = 0A4F124F5B12CA08A707EC8F /* LoadingView.swift */; };
		6CB64850F2A12F853B2FCDA3 /* StoreManager.swift in Sources */ = {isa = PBXBuildFile; fileRef = 0A67C5DC56A82F78FDED7D58 /* StoreManager.swift */; };
		763A820865D8FBBB582B1823 /* PremiumUpgradeView.swift in Sources */ = {isa = PBXBuildFile; fileRef = 2EB5EB05F2F5117730354338 /* PremiumUpgradeView.swift */; };
		7BA25CF1D0F7376821D41170 /* CardCreatorView.swift in Sources */ = {isa = PBXBuildFile; fileRef = D9BD5993170166B3B8D401C2 /* CardCreatorView.swift */; };
		8020A273254D6E6619481CF5 /* ErrorView.swift in Sources */ = {isa = PBXBuildFile; fileRef = A134D8BB570ED20CC70491AC /* ErrorView.swift */; };
		887574577B03E7556151985F /* HomeView.swift in Sources */ = {isa = PBXBuildFile; fileRef = B40059C79FEC650C1412AC07 /* HomeView.swift */; };
		8C3BFCCA3CB468396CACC84D /* UserProfile.swift in Sources */ = {isa = PBXBuildFile; fileRef = 48EF3AEB98357E3DD79F9F14 /* UserProfile.swift */; };
		8DB1355BC79AFAFEA798CA98 /* ProfileView.swift in Sources */ = {isa = PBXBuildFile; fileRef = 2414D0CBEED548A87A86B20C /* ProfileView.swift */; };
		95FF8F374DCDB53F213A8BE5 /* Supabase in Frameworks */ = {isa = PBXBuildFile; productRef = E7235F0C9B1BBBBF06BDF49C /* Supabase */; };
		9EA7EB70324742D90E2ECE07 /* FavoriteVerse.swift in Sources */ = {isa = PBXBuildFile; fileRef = 18DA92189B90BBA039FA720B /* FavoriteVerse.swift */; };
		A58CD6E853CAE3FD49B3E639 /* NetworkMonitor.swift in Sources */ = {isa = PBXBuildFile; fileRef = 9BFD3C915A42C67679D076C4 /* NetworkMonitor.swift */; };
		B2B71EDD9BAFB550DFF4B882 /* SupabaseService.swift in Sources */ = {isa = PBXBuildFile; fileRef = F3477F498DF685933489DA4D /* SupabaseService.swift */; };
		B676FB639C47F71CD4AD0693 /* ContentView.swift in Sources */ = {isa = PBXBuildFile; fileRef = A1E2FD2990F68632F4168020 /* ContentView.swift */; };
		BEA7486CDD56706D7B337E27 /* kjv.json in Resources */ = {isa = PBXBuildFile; fileRef = 6138CC96248B4F0DB8A6D986 /* kjv.json */; };
		C4D5435BE3925B6EFD25D764 /* CardTemplate.swift in Sources */ = {isa = PBXBuildFile; fileRef = 3DE237109EA51D36872CBCC5 /* CardTemplate.swift */; };
		C76C238F3619D8ED1F8865C7 /* AppleSignInButton.swift in Sources */ = {isa = PBXBuildFile; fileRef = E6657BE45558E7BB4AD91FDE /* AppleSignInButton.swift */; };
		C8B81D016F213917F03F304C /* DonationView.swift in Sources */ = {isa = PBXBuildFile; fileRef = E5BBEB9484A66090C3AB09D3 /* DonationView.swift */; };
		CDCCEC2A19E5FBBD8622F819 /* StreakManager.swift in Sources */ = {isa = PBXBuildFile; fileRef = D6F0FF9F69872AF91291CA6A /* StreakManager.swift */; };
		D06C5229AC36B07F15C95C4E /* NotificationSettingsView.swift in Sources */ = {isa = PBXBuildFile; fileRef = 568EA48F819F652BFE346C3D /* NotificationSettingsView.swift */; };
		D9584D32F45E2C011755F788 /* SignInView.swift in Sources */ = {isa = PBXBuildFile; fileRef = 0A69E39476DCE0152C599D42 /* SignInView.swift */; };
		E2CD307B44A4954E66EBC7EA /* OnboardingView.swift in Sources */ = {isa = PBXBuildFile; fileRef = A6BE2E404635C19F7B9BA965 /* OnboardingView.swift */; };
		E72553080B1DFEA56666C636 /* ChatView.swift in Sources */ = {isa = PBXBuildFile; fileRef = 75C138E835CC868B78432878 /* ChatView.swift */; };
		E80134CE9E9923AF338F8CC8 /* NotificationManager.swift in Sources */ = {isa = PBXBuildFile; fileRef = 450A4C8BCEB4ED5CFB3EA2B5 /* NotificationManager.swift */; };
		E8E69355F1DA85C21D49D6BA /* BibleService.swift in Sources */ = {isa = PBXBuildFile; fileRef = 9CBA6A1FF77EC4B10D24DF6E /* BibleService.swift */; };
		EE37DDD4CDE80E4605EFD8F5 /* SavedCard.swift in Sources */ = {isa = PBXBuildFile; fileRef = D91DF269EFF2AFEB6BABD92D /* SavedCard.swift */; };
		F496D6EC7B175CE18BBB6B33 /* SeekProducts.storekit in Resources */ = {isa = PBXBuildFile; fileRef = 56FE18F2835B793752F588D9 /* SeekProducts.storekit */; };
		F61A7C562AA06A752068CB7F /* ChatMessage.swift in Sources */ = {isa = PBXBuildFile; fileRef = 7E401C5BA46EEA339C6D832A /* ChatMessage.swift */; };
		F75DF2C6763784999B4906FE /* VerseCardView.swift in Sources */ = {isa = PBXBuildFile; fileRef = ABA5AC610BB9D76E64199671 /* VerseCardView.swift */; };
		FDD7DDCCA3ED7F0B51CA0EA0 /* ChatConversation.swift in Sources */ = {isa = PBXBuildFile; fileRef = A46FE0B1F5B96078CCE1037A /* ChatConversation.swift */; };
/* End PBXBuildFile section */

/* Begin PBXFileReference section */
		0A4F124F5B12CA08A707EC8F /* LoadingView.swift */ = {isa = PBXFileReference; lastKnownFileType = sourcecode.swift; path = LoadingView.swift; sourceTree = "<group>"; };
		0A67C5DC56A82F78FDED7D58 /* StoreManager.swift */ = {isa = PBXFileReference; lastKnownFileType = sourcecode.swift; path = StoreManager.swift; sourceTree = "<group>"; };
		0A69E39476DCE0152C599D42 /* SignInView.swift */ = {isa = PBXFileReference; lastKnownFileType = sourcecode.swift; path = SignInView.swift; sourceTree = "<group>"; };
		1323B3E69FD0B3F582727ADA /* LaunchScreen.storyboard */ = {isa = PBXFileReference; lastKnownFileType = file.storyboard; path = LaunchScreen.storyboard; sourceTree = "<group>"; };
		18DA92189B90BBA039FA720B /* FavoriteVerse.swift */ = {isa = PBXFileReference; lastKnownFileType = sourcecode.swift; path = FavoriteVerse.swift; sourceTree = "<group>"; };
		2414D0CBEED548A87A86B20C /* ProfileView.swift */ = {isa = PBXFileReference; lastKnownFileType = sourcecode.swift; path = ProfileView.swift; sourceTree = "<group>"; };
		25D80CCDB51FA0F6E2DD2F9C /* Seek.app */ = {isa = PBXFileReference; explicitFileType = wrapper.application; includeInIndex = 0; path = Seek.app; sourceTree = BUILT_PRODUCTS_DIR; };
		2EB5EB05F2F5117730354338 /* PremiumUpgradeView.swift */ = {isa = PBXFileReference; lastKnownFileType = sourcecode.swift; path = PremiumUpgradeView.swift; sourceTree = "<group>"; };
		30EB2963A0C15BE4EC87A90C /* SubscriptionManagementView.swift */ = {isa = PBXFileReference; lastKnownFileType = sourcecode.swift; path = SubscriptionManagementView.swift; sourceTree = "<group>"; };
		3B791B857162E203CDE7CB1A /* BibleTranslation.swift */ = {isa = PBXFileReference; lastKnownFileType = sourcecode.swift; path = BibleTranslation.swift; sourceTree = "<group>"; };
		3DE237109EA51D36872CBCC5 /* CardTemplate.swift */ = {isa = PBXFileReference; lastKnownFileType = sourcecode.swift; path = CardTemplate.swift; sourceTree = "<group>"; };
		450A4C8BCEB4ED5CFB3EA2B5 /* NotificationManager.swift */ = {isa = PBXFileReference; lastKnownFileType = sourcecode.swift; path = NotificationManager.swift; sourceTree = "<group>"; };
		48EF3AEB98357E3DD79F9F14 /* UserProfile.swift */ = {isa = PBXFileReference; lastKnownFileType = sourcecode.swift; path = UserProfile.swift; sourceTree = "<group>"; };
		529A6C69B9D04D4999458511 /* DailyVerseCache.swift */ = {isa = PBXFileReference; lastKnownFileType = sourcecode.swift; path = DailyVerseCache.swift; sourceTree = "<group>"; };
		568EA48F819F652BFE346C3D /* NotificationSettingsView.swift */ = {isa = PBXFileReference; lastKnownFileType = sourcecode.swift; path = NotificationSettingsView.swift; sourceTree = "<group>"; };
		56FE18F2835B793752F588D9 /* SeekProducts.storekit */ = {isa = PBXFileReference; lastKnownFileType = text; path = SeekProducts.storekit; sourceTree = "<group>"; };
		6138CC96248B4F0DB8A6D986 /* kjv.json */ = {isa = PBXFileReference; lastKnownFileType = text.json; path = kjv.json; sourceTree = "<group>"; };
		675EF979B9F03611C1BA0A7E /* WebContentView.swift */ = {isa = PBXFileReference; lastKnownFileType = sourcecode.swift; path = WebContentView.swift; sourceTree = "<group>"; };
		75C138E835CC868B78432878 /* ChatView.swift */ = {isa = PBXFileReference; lastKnownFileType = sourcecode.swift; path = ChatView.swift; sourceTree = "<group>"; };
		7E401C5BA46EEA339C6D832A /* ChatMessage.swift */ = {isa = PBXFileReference; lastKnownFileType = sourcecode.swift; path = ChatMessage.swift; sourceTree = "<group>"; };
		937F10171702BCE24D38D097 /* AuthManager.swift */ = {isa = PBXFileReference; lastKnownFileType = sourcecode.swift; path = AuthManager.swift; sourceTree = "<group>"; };
		94BAD92E98E45FF5ACB66B8F /* SavedPrayer.swift */ = {isa = PBXFileReference; lastKnownFileType = sourcecode.swift; path = SavedPrayer.swift; sourceTree = "<group>"; };
		9BFD3C915A42C67679D076C4 /* NetworkMonitor.swift */ = {isa = PBXFileReference; lastKnownFileType = sourcecode.swift; path = NetworkMonitor.swift; sourceTree = "<group>"; };
		9CBA6A1FF77EC4B10D24DF6E /* BibleService.swift */ = {isa = PBXFileReference; lastKnownFileType = sourcecode.swift; path = BibleService.swift; sourceTree = "<group>"; };
		A134D8BB570ED20CC70491AC /* ErrorView.swift */ = {isa = PBXFileReference; lastKnownFileType = sourcecode.swift; path = ErrorView.swift; sourceTree = "<group>"; };
		A1E2FD2990F68632F4168020 /* ContentView.swift */ = {isa = PBXFileReference; lastKnownFileType = sourcecode.swift; path = ContentView.swift; sourceTree = "<group>"; };
		A46FE0B1F5B96078CCE1037A /* ChatConversation.swift */ = {isa = PBXFileReference; lastKnownFileType = sourcecode.swift; path = ChatConversation.swift; sourceTree = "<group>"; };
		A6BE2E404635C19F7B9BA965 /* OnboardingView.swift */ = {isa = PBXFileReference; lastKnownFileType = sourcecode.swift; path = OnboardingView.swift; sourceTree = "<group>"; };
		ABA5AC610BB9D76E64199671 /* VerseCardView.swift */ = {isa = PBXFileReference; lastKnownFileType = sourcecode.swift; path = VerseCardView.swift; sourceTree = "<group>"; };
		B40059C79FEC650C1412AC07 /* HomeView.swift */ = {isa = PBXFileReference; lastKnownFileType = sourcecode.swift; path = HomeView.swift; sourceTree = "<group>"; };
		BCCE4721B5F33104CF2EBCEB /* Seek.entitlements */ = {isa = PBXFileReference; lastKnownFileType = text.plist.entitlements; path = Seek.entitlements; sourceTree = "<group>"; };
		CB7F0DA063E156B3D0810140 /* ChatListView.swift */ = {isa = PBXFileReference; lastKnownFileType = sourcecode.swift; path = ChatListView.swift; sourceTree = "<group>"; };
		D2D0A7482B49100DFAE1CD8E /* SeekApp.swift */ = {isa = PBXFileReference; lastKnownFileType = sourcecode.swift; path = SeekApp.swift; sourceTree = "<group>"; };
		D6F0FF9F69872AF91291CA6A /* StreakManager.swift */ = {isa = PBXFileReference; lastKnownFileType = sourcecode.swift; path = StreakManager.swift; sourceTree = "<group>"; };
		D7415D95463F6BC217019DA7 /* Assets.xcassets */ = {isa = PBXFileReference; lastKnownFileType = folder.assetcatalog; path = Assets.xcassets; sourceTree = "<group>"; };
		D91DF269EFF2AFEB6BABD92D /* SavedCard.swift */ = {isa = PBXFileReference; lastKnownFileType = sourcecode.swift; path = SavedCard.swift; sourceTree = "<group>"; };
		D96E020A355A91F2A3F06E5A /* LibraryView.swift */ = {isa = PBXFileReference; lastKnownFileType = sourcecode.swift; path = LibraryView.swift; sourceTree = "<group>"; };
		D9BD5993170166B3B8D401C2 /* CardCreatorView.swift */ = {isa = PBXFileReference; lastKnownFileType = sourcecode.swift; path = CardCreatorView.swift; sourceTree = "<group>"; };
		E5BBEB9484A66090C3AB09D3 /* DonationView.swift */ = {isa = PBXFileReference; lastKnownFileType = sourcecode.swift; path = DonationView.swift; sourceTree = "<group>"; };
		E6657BE45558E7BB4AD91FDE /* AppleSignInButton.swift */ = {isa = PBXFileReference; lastKnownFileType = sourcecode.swift; path = AppleSignInButton.swift; sourceTree = "<group>"; };
		F3477F498DF685933489DA4D /* SupabaseService.swift */ = {isa = PBXFileReference; lastKnownFileType = sourcecode.swift; path = SupabaseService.swift; sourceTree = "<group>"; };
/* End PBXFileReference section */

/* Begin PBXFrameworksBuildPhase section */
		053D8A82235A04EC7A5F6526 /* Frameworks */ = {
			isa = PBXFrameworksBuildPhase;
			buildActionMask = 2147483647;
			files = (
				95FF8F374DCDB53F213A8BE5 /* Supabase in Frameworks */,
			);
			runOnlyForDeploymentPostprocessing = 0;
		};
/* End PBXFrameworksBuildPhase section */

/* Begin PBXGroup section */
		26A5D8980F387180A250AACE /* Products */ = {
			isa = PBXGroup;
			children = (
				25D80CCDB51FA0F6E2DD2F9C /* Seek.app */,
			);
			name = Products;
			sourceTree = "<group>";
		};
		2C31A1A891396305C002EABD /* Services */ = {
			isa = PBXGroup;
			children = (
				937F10171702BCE24D38D097 /* AuthManager.swift */,
				9CBA6A1FF77EC4B10D24DF6E /* BibleService.swift */,
				529A6C69B9D04D4999458511 /* DailyVerseCache.swift */,
				9BFD3C915A42C67679D076C4 /* NetworkMonitor.swift */,
				450A4C8BCEB4ED5CFB3EA2B5 /* NotificationManager.swift */,
				0A67C5DC56A82F78FDED7D58 /* StoreManager.swift */,
				D6F0FF9F69872AF91291CA6A /* StreakManager.swift */,
				F3477F498DF685933489DA4D /* SupabaseService.swift */,
			);
			path = Services;
			sourceTree = "<group>";
		};
		2E883D7AF4654E924F763B72 = {
			isa = PBXGroup;
			children = (
				5447AE1AC61698C72985E1C8 /* Seek */,
				26A5D8980F387180A250AACE /* Products */,
			);
			sourceTree = "<group>";
		};
		3F82CC1F9827A64FF678576C /* Onboarding */ = {
			isa = PBXGroup;
			children = (
				A6BE2E404635C19F7B9BA965 /* OnboardingView.swift */,
				0A69E39476DCE0152C599D42 /* SignInView.swift */,
			);
			path = Onboarding;
			sourceTree = "<group>";
		};
		5447AE1AC61698C72985E1C8 /* Seek */ = {
			isa = PBXGroup;
			children = (
				D7415D95463F6BC217019DA7 /* Assets.xcassets */,
				A1E2FD2990F68632F4168020 /* ContentView.swift */,
				BCCE4721B5F33104CF2EBCEB /* Seek.entitlements */,
				D2D0A7482B49100DFAE1CD8E /* SeekApp.swift */,
				70471D23867464DB01465C9E /* CardTemplates */,
				728DCDA700A74586DE38A273 /* Components */,
				B9BEB9AE8C6CDC0E17827602 /* Models */,
				F61E4D17363308613CF5F6DA /* Resources */,
				2C31A1A891396305C002EABD /* Services */,
				70F87D270577106E52E3B5E9 /* StoreKit */,
				DD8F43E6491B98E33EB7BFDC /* Views */,
			);
			path = Seek;
			sourceTree = "<group>";
		};
		70471D23867464DB01465C9E /* CardTemplates */ = {
			isa = PBXGroup;
			children = (
				3DE237109EA51D36872CBCC5 /* CardTemplate.swift */,
				ABA5AC610BB9D76E64199671 /* VerseCardView.swift */,
			);
			path = CardTemplates;
			sourceTree = "<group>";
		};
		70F87D270577106E52E3B5E9 /* StoreKit */ = {
			isa = PBXGroup;
			children = (
				56FE18F2835B793752F588D9 /* SeekProducts.storekit */,
			);
			path = StoreKit;
			sourceTree = "<group>";
		};
		728DCDA700A74586DE38A273 /* Components */ = {
			isa = PBXGroup;
			children = (
				E6657BE45558E7BB4AD91FDE /* AppleSignInButton.swift */,
				A134D8BB570ED20CC70491AC /* ErrorView.swift */,
				0A4F124F5B12CA08A707EC8F /* LoadingView.swift */,
			);
			path = Components;
			sourceTree = "<group>";
		};
		7F5FC02B4BC241964DEEF6C2 /* Profile */ = {
			isa = PBXGroup;
			children = (
				E5BBEB9484A66090C3AB09D3 /* DonationView.swift */,
				568EA48F819F652BFE346C3D /* NotificationSettingsView.swift */,
				2EB5EB05F2F5117730354338 /* PremiumUpgradeView.swift */,
				2414D0CBEED548A87A86B20C /* ProfileView.swift */,
				30EB2963A0C15BE4EC87A90C /* SubscriptionManagementView.swift */,
				675EF979B9F03611C1BA0A7E /* WebContentView.swift */,
			);
			path = Profile;
			sourceTree = "<group>";
		};
		971C0C5999B6C4C67206B859 /* CardCreator */ = {
			isa = PBXGroup;
			children = (
				D9BD5993170166B3B8D401C2 /* CardCreatorView.swift */,
			);
			path = CardCreator;
			sourceTree = "<group>";
		};
		A58401299BBB5B6E85A5A331 /* Home */ = {
			isa = PBXGroup;
			children = (
				B40059C79FEC650C1412AC07 /* HomeView.swift */,
			);
			path = Home;
			sourceTree = "<group>";
		};
		B9BEB9AE8C6CDC0E17827602 /* Models */ = {
			isa = PBXGroup;
			children = (
				3B791B857162E203CDE7CB1A /* BibleTranslation.swift */,
				A46FE0B1F5B96078CCE1037A /* ChatConversation.swift */,
				7E401C5BA46EEA339C6D832A /* ChatMessage.swift */,
				18DA92189B90BBA039FA720B /* FavoriteVerse.swift */,
				D91DF269EFF2AFEB6BABD92D /* SavedCard.swift */,
				94BAD92E98E45FF5ACB66B8F /* SavedPrayer.swift */,
				48EF3AEB98357E3DD79F9F14 /* UserProfile.swift */,
			);
			path = Models;
			sourceTree = "<group>";
		};
		C05BEFFA9B246F3465E9F9B5 /* Library */ = {
			isa = PBXGroup;
			children = (
				D96E020A355A91F2A3F06E5A /* LibraryView.swift */,
			);
			path = Library;
			sourceTree = "<group>";
		};
		DD8F43E6491B98E33EB7BFDC /* Views */ = {
			isa = PBXGroup;
			children = (
				971C0C5999B6C4C67206B859 /* CardCreator */,
				DEF78F0A798F86B4EC286827 /* Chat */,
				A58401299BBB5B6E85A5A331 /* Home */,
				C05BEFFA9B246F3465E9F9B5 /* Library */,
				3F82CC1F9827A64FF678576C /* Onboarding */,
				7F5FC02B4BC241964DEEF6C2 /* Profile */,
			);
			path = Views;
			sourceTree = "<group>";
		};
		DEF78F0A798F86B4EC286827 /* Chat */ = {
			isa = PBXGroup;
			children = (
				CB7F0DA063E156B3D0810140 /* ChatListView.swift */,
				75C138E835CC868B78432878 /* ChatView.swift */,
			);
			path = Chat;
			sourceTree = "<group>";
		};
		F61E4D17363308613CF5F6DA /* Resources */ = {
			isa = PBXGroup;
			children = (
				6138CC96248B4F0DB8A6D986 /* kjv.json */,
				1323B3E69FD0B3F582727ADA /* LaunchScreen.storyboard */,
			);
			path = Resources;
			sourceTree = "<group>";
		};
/* End PBXGroup section */

/* Begin PBXNativeTarget section */
		7C2B59A2F6B0212930FD9483 /* Seek */ = {
			isa = PBXNativeTarget;
			buildConfigurationList = E8FDA3B56322A879A915E6BB /* Build configuration list for PBXNativeTarget "Seek" */;
			buildPhases = (
				22105EB321319FC5B809D15C /* Sources */,
				E24CDEECCBED0D4A97FF7B4A /* Resources */,
				053D8A82235A04EC7A5F6526 /* Frameworks */,
			);
			buildRules = (
			);
			dependencies = (
			);
			name = Seek;
			packageProductDependencies = (
				E7235F0C9B1BBBBF06BDF49C /* Supabase */,
			);
			productName = Seek;
			productReference = 25D80CCDB51FA0F6E2DD2F9C /* Seek.app */;
			productType = "com.apple.product-type.application";
		};
/* End PBXNativeTarget section */

/* Begin PBXProject section */
		2A6DEB621154363D3749FB9A /* Project object */ = {
			isa = PBXProject;
			attributes = {
				BuildIndependentTargetsInParallel = YES;
				LastUpgradeCheck = 1600;
			};
			buildConfigurationList = 4D3E49C9FBCDC05C4363F70B /* Build configuration list for PBXProject "Seek" */;
			developmentRegion = en;
			hasScannedForEncodings = 0;
			knownRegions = (
				Base,
				en,
			);
			mainGroup = 2E883D7AF4654E924F763B72;
			minimizedProjectReferenceProxies = 1;
			packageReferences = (
				069F8EBCCDD4CB1D22631419 /* XCRemoteSwiftPackageReference "supabase-swift" */,
			);
			preferredProjectObjectVersion = 77;
			productRefGroup = 26A5D8980F387180A250AACE /* Products */;
			projectDirPath = "";
			projectRoot = "";
			targets = (
				7C2B59A2F6B0212930FD9483 /* Seek */,
			);
		};
/* End PBXProject section */

/* Begin PBXResourcesBuildPhase section */
		E24CDEECCBED0D4A97FF7B4A /* Resources */ = {
			isa = PBXResourcesBuildPhase;
			buildActionMask = 2147483647;
			files = (
				420115F8CA1F04537744619D /* Assets.xcassets in Resources */,
				1BC35B99EA607DC9ECED5A0C /* LaunchScreen.storyboard in Resources */,
				F496D6EC7B175CE18BBB6B33 /* SeekProducts.storekit in Resources */,
				BEA7486CDD56706D7B337E27 /* kjv.json in Resources */,
			);
			runOnlyForDeploymentPostprocessing = 0;
		};
/* End PBXResourcesBuildPhase section */

/* Begin PBXSourcesBuildPhase section */
		22105EB321319FC5B809D15C /* Sources */ = {
			isa = PBXSourcesBuildPhase;
			buildActionMask = 2147483647;
			files = (
				C76C238F3619D8ED1F8865C7 /* AppleSignInButton.swift in Sources */,
				53D8CFAF9B454433ECF60C1E /* AuthManager.swift in Sources */,
				E8E69355F1DA85C21D49D6BA /* BibleService.swift in Sources */,
				1731D56A7ECF9F8D67F036E0 /* BibleTranslation.swift in Sources */,
				7BA25CF1D0F7376821D41170 /* CardCreatorView.swift in Sources */,
				C4D5435BE3925B6EFD25D764 /* CardTemplate.swift in Sources */,
				FDD7DDCCA3ED7F0B51CA0EA0 /* ChatConversation.swift in Sources */,
				56BC1DEE5946F543B5EEBA9D /* ChatListView.swift in Sources */,
				F61A7C562AA06A752068CB7F /* ChatMessage.swift in Sources */,
				E72553080B1DFEA56666C636 /* ChatView.swift in Sources */,
				B676FB639C47F71CD4AD0693 /* ContentView.swift in Sources */,
				0BC0AD6E62637EBD3D56C538 /* DailyVerseCache.swift in Sources */,
				C8B81D016F213917F03F304C /* DonationView.swift in Sources */,
				8020A273254D6E6619481CF5 /* ErrorView.swift in Sources */,
				9EA7EB70324742D90E2ECE07 /* FavoriteVerse.swift in Sources */,
				887574577B03E7556151985F /* HomeView.swift in Sources */,
				15E4A8DA35FD6665689F0982 /* LibraryView.swift in Sources */,
				68DBE21F79D3DCC994F77262 /* LoadingView.swift in Sources */,
				A58CD6E853CAE3FD49B3E639 /* NetworkMonitor.swift in Sources */,
				E80134CE9E9923AF338F8CC8 /* NotificationManager.swift in Sources */,
				D06C5229AC36B07F15C95C4E /* NotificationSettingsView.swift in Sources */,
				E2CD307B44A4954E66EBC7EA /* OnboardingView.swift in Sources */,
				763A820865D8FBBB582B1823 /* PremiumUpgradeView.swift in Sources */,
				8DB1355BC79AFAFEA798CA98 /* ProfileView.swift in Sources */,
				EE37DDD4CDE80E4605EFD8F5 /* SavedCard.swift in Sources */,
				512EAED3490139C9F9FCAE97 /* SavedPrayer.swift in Sources */,
				0BD5F868B38038EB84B4DBA1 /* SeekApp.swift in Sources */,
				D9584D32F45E2C011755F788 /* SignInView.swift in Sources */,
				6CB64850F2A12F853B2FCDA3 /* StoreManager.swift in Sources */,
				CDCCEC2A19E5FBBD8622F819 /* StreakManager.swift in Sources */,
				32B23A70411A456E5E618634 /* SubscriptionManagementView.swift in Sources */,
				B2B71EDD9BAFB550DFF4B882 /* SupabaseService.swift in Sources */,
				8C3BFCCA3CB468396CACC84D /* UserProfile.swift in Sources */,
				F75DF2C6763784999B4906FE /* VerseCardView.swift in Sources */,
				30FE45F422E25E888A5C473B /* WebContentView.swift in Sources */,
			);
			runOnlyForDeploymentPostprocessing = 0;
		};
/* End PBXSourcesBuildPhase section */

/* Begin XCBuildConfiguration section */
		26D108A65932BDEB06097545 /* Release */ = {
			isa = XCBuildConfiguration;
			buildSettings = {
				ASSETCATALOG_COMPILER_APPICON_NAME = AppIcon;
				ASSETCATALOG_COMPILER_GLOBAL_ACCENT_COLOR_NAME = AccentColor;
				CODE_SIGN_ENTITLEMENTS = Seek/Seek.entitlements;
				CODE_SIGN_IDENTITY = "iPhone Developer";
				DEVELOPMENT_TEAM = A3W539C4C3;
				INFOPLIST_KEY_UIApplicationSceneManifest_Generation = YES;
				LD_RUNPATH_SEARCH_PATHS = (
					"$(inherited)",
					"@executable_path/Frameworks",
				);
				PRODUCT_BUNDLE_IDENTIFIER = com.loucesario.seek;
				SDKROOT = iphoneos;
				SWIFT_EMIT_LOC_STRINGS = YES;
				TARGETED_DEVICE_FAMILY = "1,2";
			};
			name = Release;
		};
		B7B90CAD99DBDDB66E606E88 /* Debug */ = {
			isa = XCBuildConfiguration;
			buildSettings = {
				ALWAYS_SEARCH_USER_PATHS = NO;
				CLANG_ANALYZER_NONNULL = YES;
				CLANG_ANALYZER_NUMBER_OBJECT_CONVERSION = YES_AGGRESSIVE;
				CLANG_CXX_LANGUAGE_STANDARD = "gnu++14";
				CLANG_CXX_LIBRARY = "libc++";
				CLANG_ENABLE_MODULES = YES;
				CLANG_ENABLE_OBJC_ARC = YES;
				CLANG_ENABLE_OBJC_WEAK = YES;
				CLANG_WARN_BLOCK_CAPTURE_AUTORELEASING = YES;
				CLANG_WARN_BOOL_CONVERSION = YES;
				CLANG_WARN_COMMA = YES;
				CLANG_WARN_CONSTANT_CONVERSION = YES;
				CLANG_WARN_DEPRECATED_OBJC_IMPLEMENTATIONS = YES;
				CLANG_WARN_DIRECT_OBJC_ISA_USAGE = YES_ERROR;
				CLANG_WARN_DOCUMENTATION_COMMENTS = YES;
				CLANG_WARN_EMPTY_BODY = YES;
				CLANG_WARN_ENUM_CONVERSION = YES;
				CLANG_WARN_INFINITE_RECURSION = YES;
				CLANG_WARN_INT_CONVERSION = YES;
				CLANG_WARN_NON_LITERAL_NULL_CONVERSION = YES;
				CLANG_WARN_OBJC_IMPLICIT_RETAIN_SELF = YES;
				CLANG_WARN_OBJC_LITERAL_CONVERSION = YES;
				CLANG_WARN_OBJC_ROOT_CLASS = YES_ERROR;
				CLANG_WARN_QUOTED_INCLUDE_IN_FRAMEWORK_HEADER = YES;
				CLANG_WARN_RANGE_LOOP_ANALYSIS = YES;
				CLANG_WARN_STRICT_PROTOTYPES = YES;
				CLANG_WARN_SUSPICIOUS_MOVE = YES;
				CLANG_WARN_UNGUARDED_AVAILABILITY = YES_AGGRESSIVE;
				CLANG_WARN_UNREACHABLE_CODE = YES;
				CLANG_WARN__DUPLICATE_METHOD_MATCH = YES;
				COPY_PHASE_STRIP = NO;
				CURRENT_PROJECT_VERSION = 10;
				DEBUG_INFORMATION_FORMAT = dwarf;
				ENABLE_STRICT_OBJC_MSGSEND = YES;
				ENABLE_TESTABILITY = YES;
				GCC_C_LANGUAGE_STANDARD = gnu11;
				GCC_DYNAMIC_NO_PIC = NO;
				GCC_NO_COMMON_BLOCKS = YES;
				GCC_OPTIMIZATION_LEVEL = 0;
				GCC_PREPROCESSOR_DEFINITIONS = (
					"$(inherited)",
					"DEBUG=1",
				);
				GCC_WARN_64_TO_32_BIT_CONVERSION = YES;
				GCC_WARN_ABOUT_RETURN_TYPE = YES_ERROR;
				GCC_WARN_UNDECLARED_SELECTOR = YES;
				GCC_WARN_UNINITIALIZED_AUTOS = YES_AGGRESSIVE;
				GCC_WARN_UNUSED_FUNCTION = YES;
				GCC_WARN_UNUSED_VARIABLE = YES;
				GENERATE_INFOPLIST_FILE = YES;
				INFOPLIST_KEY_CFBundleDisplayName = Seek;
				INFOPLIST_KEY_ITSAppUsesNonExemptEncryption = NO;
				INFOPLIST_KEY_NSPhotoLibraryAddUsageDescription = "Save verse cards to your photo library.";
				INFOPLIST_KEY_UIApplicationSceneManifest_Generation = YES;
				INFOPLIST_KEY_UIApplicationSupportsIndirectInputEvents = YES;
				INFOPLIST_KEY_UILaunchStoryboardName = LaunchScreen;
				INFOPLIST_KEY_UISupportedInterfaceOrientations_iPad = "UIInterfaceOrientationPortrait UIInterfaceOrientationPortraitUpsideDown UIInterfaceOrientationLandscapeLeft UIInterfaceOrientationLandscapeRight";
				INFOPLIST_KEY_UISupportedInterfaceOrientations_iPhone = "UIInterfaceOrientationPortrait UIInterfaceOrientationLandscapeLeft UIInterfaceOrientationLandscapeRight";
				INFOPLIST_KEY_UIUserInterfaceStyle = Light;
				IPHONEOS_DEPLOYMENT_TARGET = 17.0;
				MARKETING_VERSION = 1.0.1;
				MTL_ENABLE_DEBUG_INFO = INCLUDE_SOURCE;
				MTL_FAST_MATH = YES;
				ONLY_ACTIVE_ARCH = YES;
				PRODUCT_NAME = "$(TARGET_NAME)";
				SDKROOT = iphoneos;
				SWIFT_ACTIVE_COMPILATION_CONDITIONS = DEBUG;
				SWIFT_OPTIMIZATION_LEVEL = "-Onone";
				SWIFT_VERSION = 5.9;
			};
			name = Debug;
		};
		E8EAEFAC621A577B89427053 /* Debug */ = {
			isa = XCBuildConfiguration;
			buildSettings = {
				ASSETCATALOG_COMPILER_APPICON_NAME = AppIcon;
				ASSETCATALOG_COMPILER_GLOBAL_ACCENT_COLOR_NAME = AccentColor;
				CODE_SIGN_ENTITLEMENTS = Seek/Seek.entitlements;
				CODE_SIGN_IDENTITY = "iPhone Developer";
				DEVELOPMENT_TEAM = A3W539C4C3;
				INFOPLIST_KEY_UIApplicationSceneManifest_Generation = YES;
				LD_RUNPATH_SEARCH_PATHS = (
					"$(inherited)",
					"@executable_path/Frameworks",
				);
				PRODUCT_BUNDLE_IDENTIFIER = com.loucesario.seek;
				SDKROOT = iphoneos;
				SWIFT_EMIT_LOC_STRINGS = YES;
				TARGETED_DEVICE_FAMILY = "1,2";
			};
			name = Debug;
		};
		F9208B0B66AF76FF4FB0FF8A /* Release */ = {
			isa = XCBuildConfiguration;
			buildSettings = {
				ALWAYS_SEARCH_USER_PATHS = NO;
				CLANG_ANALYZER_NONNULL = YES;
				CLANG_ANALYZER_NUMBER_OBJECT_CONVERSION = YES_AGGRESSIVE;
				CLANG_CXX_LANGUAGE_STANDARD = "gnu++14";
				CLANG_CXX_LIBRARY = "libc++";
				CLANG_ENABLE_MODULES = YES;
				CLANG_ENABLE_OBJC_ARC = YES;
				CLANG_ENABLE_OBJC_WEAK = YES;
				CLANG_WARN_BLOCK_CAPTURE_AUTORELEASING = YES;
				CLANG_WARN_BOOL_CONVERSION = YES;
				CLANG_WARN_COMMA = YES;
				CLANG_WARN_CONSTANT_CONVERSION = YES;
				CLANG_WARN_DEPRECATED_OBJC_IMPLEMENTATIONS = YES;
				CLANG_WARN_DIRECT_OBJC_ISA_USAGE = YES_ERROR;
				CLANG_WARN_DOCUMENTATION_COMMENTS = YES;
				CLANG_WARN_EMPTY_BODY = YES;
				CLANG_WARN_ENUM_CONVERSION = YES;
				CLANG_WARN_INFINITE_RECURSION = YES;
				CLANG_WARN_INT_CONVERSION = YES;
				CLANG_WARN_NON_LITERAL_NULL_CONVERSION = YES;
				CLANG_WARN_OBJC_IMPLICIT_RETAIN_SELF = YES;
				CLANG_WARN_OBJC_LITERAL_CONVERSION = YES;
				CLANG_WARN_OBJC_ROOT_CLASS = YES_ERROR;
				CLANG_WARN_QUOTED_INCLUDE_IN_FRAMEWORK_HEADER = YES;
				CLANG_WARN_RANGE_LOOP_ANALYSIS = YES;
				CLANG_WARN_STRICT_PROTOTYPES = YES;
				CLANG_WARN_SUSPICIOUS_MOVE = YES;
				CLANG_WARN_UNGUARDED_AVAILABILITY = YES_AGGRESSIVE;
				CLANG_WARN_UNREACHABLE_CODE = YES;
				CLANG_WARN__DUPLICATE_METHOD_MATCH = YES;
				COPY_PHASE_STRIP = NO;
				CURRENT_PROJECT_VERSION = 10;
				DEBUG_INFORMATION_FORMAT = "dwarf-with-dsym";
				ENABLE_NS_ASSERTIONS = NO;
				ENABLE_STRICT_OBJC_MSGSEND = YES;
				GCC_C_LANGUAGE_STANDARD = gnu11;
				GCC_NO_COMMON_BLOCKS = YES;
				GCC_WARN_64_TO_32_BIT_CONVERSION = YES;
				GCC_WARN_ABOUT_RETURN_TYPE = YES_ERROR;
				GCC_WARN_UNDECLARED_SELECTOR = YES;
				GCC_WARN_UNINITIALIZED_AUTOS = YES_AGGRESSIVE;
				GCC_WARN_UNUSED_FUNCTION = YES;
				GCC_WARN_UNUSED_VARIABLE = YES;
				GENERATE_INFOPLIST_FILE = YES;
				INFOPLIST_KEY_CFBundleDisplayName = Seek;
				INFOPLIST_KEY_ITSAppUsesNonExemptEncryption = NO;
				INFOPLIST_KEY_NSPhotoLibraryAddUsageDescription = "Save verse cards to your photo library.";
				INFOPLIST_KEY_UIApplicationSceneManifest_Generation = YES;
				INFOPLIST_KEY_UIApplicationSupportsIndirectInputEvents = YES;
				INFOPLIST_KEY_UILaunchStoryboardName = LaunchScreen;
				INFOPLIST_KEY_UISupportedInterfaceOrientations_iPad = "UIInterfaceOrientationPortrait UIInterfaceOrientationPortraitUpsideDown UIInterfaceOrientationLandscapeLeft UIInterfaceOrientationLandscapeRight";
				INFOPLIST_KEY_UISupportedInterfaceOrientations_iPhone = "UIInterfaceOrientationPortrait UIInterfaceOrientationLandscapeLeft UIInterfaceOrientationLandscapeRight";
				INFOPLIST_KEY_UIUserInterfaceStyle = Light;
				IPHONEOS_DEPLOYMENT_TARGET = 17.0;
				MARKETING_VERSION = 1.0.1;
				MTL_ENABLE_DEBUG_INFO = NO;
				MTL_FAST_MATH = YES;
				PRODUCT_NAME = "$(TARGET_NAME)";
				SDKROOT = iphoneos;
				SWIFT_COMPILATION_MODE = wholemodule;
				SWIFT_OPTIMIZATION_LEVEL = "-O";
				SWIFT_VERSION = 5.9;
			};
			name = Release;
		};
/* End XCBuildConfiguration section */

/* Begin XCConfigurationList section */
		4D3E49C9FBCDC05C4363F70B /* Build configuration list for PBXProject "Seek" */ = {
			isa = XCConfigurationList;
			buildConfigurations = (
				B7B90CAD99DBDDB66E606E88 /* Debug */,
				F9208B0B66AF76FF4FB0FF8A /* Release */,
			);
			defaultConfigurationIsVisible = 0;
			defaultConfigurationName = Debug;
		};
		E8FDA3B56322A879A915E6BB /* Build configuration list for PBXNativeTarget "Seek" */ = {
			isa = XCConfigurationList;
			buildConfigurations = (
				E8EAEFAC621A577B89427053 /* Debug */,
				26D108A65932BDEB06097545 /* Release */,
			);
			defaultConfigurationIsVisible = 0;
			defaultConfigurationName = Debug;
		};
/* End XCConfigurationList section */

/* Begin XCRemoteSwiftPackageReference section */
		069F8EBCCDD4CB1D22631419 /* XCRemoteSwiftPackageReference "supabase-swift" */ = {
			isa = XCRemoteSwiftPackageReference;
			repositoryURL = "https://github.com/supabase/supabase-swift";
			requirement = {
				kind = upToNextMajorVersion;
				minimumVersion = 2.0.0;
			};
		};
/* End XCRemoteSwiftPackageReference section */

/* Begin XCSwiftPackageProductDependency section */
		E7235F0C9B1BBBBF06BDF49C /* Supabase */ = {
			isa = XCSwiftPackageProductDependency;
			package = 069F8EBCCDD4CB1D22631419 /* XCRemoteSwiftPackageReference "supabase-swift" */;
			productName = Supabase;
		};
/* End XCSwiftPackageProductDependency section */
	};
	rootObject = 2A6DEB621154363D3749FB9A /* Project object */;
}
